
Microsoft Visual Studio Solution File, Format Version 12.00
# Visual Studio Version 17
VisualStudioVersion = 17.4.33213.308
MinimumVisualStudioVersion = 10.0.40219.1
Project("{FAE04EC0-301F-11D3-BF4B-00C04F79EFBC}") = "Examen", "Examen\Examen.csproj", "{15883D9A-3EF3-46F6-A921-EE67FCB5EC77}"
EndProject
Global
	GlobalSection(SolutionConfigurationPlatforms) = preSolution
		Debug|Any CPU = Debug|Any CPU
		Release|Any CPU = Release|Any CPU
	EndGlobalSection
	GlobalSection(ProjectConfigurationPlatforms) = postSolution
		{15883D9A-3EF3-46F6-A921-EE67FCB5EC77}.Debug|Any CPU.ActiveCfg = Debug|Any CPU
		{15883D9A-3EF3-46F6-A921-EE67FCB5EC77}.Debug|Any CPU.Build.0 = Debug|Any CPU
		{15883D9A-3EF3-46F6-A921-EE67FCB5EC77}.Release|Any CPU.ActiveCfg = Release|Any CPU
		{15883D9A-3EF3-46F6-A921-EE67FCB5EC77}.Release|Any CPU.Build.0 = Release|Any CPU
	EndGlobalSection
	GlobalSection(SolutionProperties) = preSolution
		HideSolutionNode = FALSE
	EndGlobalSection
	GlobalSection(ExtensibilityGlobals) = postSolution
		SolutionGuid = {4A0FFE16-680F-41EC-860A-19C194C5F2D3}
	EndGlobalSection
EndGlobal
