
Microsoft Visual Studio Solution File, Format Version 12.00
# Visual Studio Version 17
VisualStudioVersion = 17.4.33122.133
MinimumVisualStudioVersion = 10.0.40219.1
Project("{FAE04EC0-301F-11D3-BF4B-00C04F79EFBC}") = "LaboOefeningen", "LaboOefeningen\LaboOefeningen.csproj", "{EEA9326A-90B9-4E09-AE8B-43C383E11236}"
EndProject
Global
	GlobalSection(SolutionConfigurationPlatforms) = preSolution
		Debug|Any CPU = Debug|Any CPU
		Release|Any CPU = Release|Any CPU
	EndGlobalSection
	GlobalSection(ProjectConfigurationPlatforms) = postSolution
		{EEA9326A-90B9-4E09-AE8B-43C383E11236}.Debug|Any CPU.ActiveCfg = Debug|Any CPU
		{EEA9326A-90B9-4E09-AE8B-43C383E11236}.Debug|Any CPU.Build.0 = Debug|Any CPU
		{EEA9326A-90B9-4E09-AE8B-43C383E11236}.Release|Any CPU.ActiveCfg = Release|Any CPU
		{EEA9326A-90B9-4E09-AE8B-43C383E11236}.Release|Any CPU.Build.0 = Release|Any CPU
	EndGlobalSection
	GlobalSection(SolutionProperties) = preSolution
		HideSolutionNode = FALSE
	EndGlobalSection
	GlobalSection(ExtensibilityGlobals) = postSolution
		SolutionGuid = {18BD3F79-C3A8-4E2D-A3DE-B39F9D7044B1}
	EndGlobalSection
EndGlobal
