
Microsoft Visual Studio Solution File, Format Version 12.00
# Visual Studio Version 17
VisualStudioVersion = 17.4.33122.133
MinimumVisualStudioVersion = 10.0.40219.1
Project("{FAE04EC0-301F-11D3-BF4B-00C04F79EFBC}") = "LaboOefeningen", "LaboOefeningen\LaboOefeningen.csproj", "{229443D1-A90A-4402-A2EA-5A2DB6B4248E}"
EndProject
Global
	GlobalSection(SolutionConfigurationPlatforms) = preSolution
		Debug|Any CPU = Debug|Any CPU
		Release|Any CPU = Release|Any CPU
	EndGlobalSection
	GlobalSection(ProjectConfigurationPlatforms) = postSolution
		{229443D1-A90A-4402-A2EA-5A2DB6B4248E}.Debug|Any CPU.ActiveCfg = Debug|Any CPU
		{229443D1-A90A-4402-A2EA-5A2DB6B4248E}.Debug|Any CPU.Build.0 = Debug|Any CPU
		{229443D1-A90A-4402-A2EA-5A2DB6B4248E}.Release|Any CPU.ActiveCfg = Release|Any CPU
		{229443D1-A90A-4402-A2EA-5A2DB6B4248E}.Release|Any CPU.Build.0 = Release|Any CPU
	EndGlobalSection
	GlobalSection(SolutionProperties) = preSolution
		HideSolutionNode = FALSE
	EndGlobalSection
	GlobalSection(ExtensibilityGlobals) = postSolution
		SolutionGuid = {E8BFA3BD-C9FA-4C49-B9FF-A9E60AD5592D}
	EndGlobalSection
EndGlobal
